
Microsoft Visual Studio Solution File, Format Version 12.00
# Visual Studio Version 17
VisualStudioVersion = 17.14.36804.6 d17.14
MinimumVisualStudioVersion = 10.0.40219.1
Project("{FAE04EC0-301F-11D3-BF4B-00C04F79EFBC}") = "Damntry Globals", "Damntry Globals.csproj", "{4310AC3C-7258-F0DF-F6B1-62662D4B3A34}"
EndProject
Global
	GlobalSection(SolutionConfigurationPlatforms) = preSolution
		Debug|Any CPU = Debug|Any CPU
		Release|Any CPU = Release|Any CPU
	EndGlobalSection
	GlobalSection(ProjectConfigurationPlatforms) = postSolution
		{4310AC3C-7258-F0DF-F6B1-62662D4B3A34}.Debug|Any CPU.ActiveCfg = Debug|Any CPU
		{4310AC3C-7258-F0DF-F6B1-62662D4B3A34}.Debug|Any CPU.Build.0 = Debug|Any CPU
		{4310AC3C-7258-F0DF-F6B1-62662D4B3A34}.Release|Any CPU.ActiveCfg = Release|Any CPU
		{4310AC3C-7258-F0DF-F6B1-62662D4B3A34}.Release|Any CPU.Build.0 = Release|Any CPU
	EndGlobalSection
	GlobalSection(SolutionProperties) = preSolution
		HideSolutionNode = FALSE
	EndGlobalSection
	GlobalSection(ExtensibilityGlobals) = postSolution
		SolutionGuid = {2F4F055F-695E-480B-89D0-41CFBE88CE52}
	EndGlobalSection
EndGlobal
